---
20250807171956_add_reference_on_verification_orchestrators_to_creditors.rb:
  source_digest: e4e3c2f19a3beafab6548d1b1ff6f58b44ce4968513f8edab7ecc0792ab34106
  compiled_digest: 0be154c052a08eb7ec47e6eaefaf9ba1251f7197f3c05d0746809ba64a87eee6
20250807171957_add_foreign_key_on_verification_orchestrators_to_creditors.rb:
  source_digest: af39f933394ffa8c29a61d056cddd0586282f3e7500d1039eec34acae17c76e6
  compiled_digest: 33b5cab9b7df8153e4ce8c385db275499107c6d0cff69ad0fbd9a9a43bf8ff52
20250807171406_validate_foreign_key_on_creditors_to_verification_journeys.rb:
  source_digest: 7c010486a151edab10cef6e412f2d290504dd74a6b94e86fff9b0a289ccf430a
  compiled_digest: 38b0d006b6f79a84de6ed1e18bb0c2bc5b30c1408e09516106e9c5abf5300f58
20250807132001_create_verifications.rb:
  source_digest: 061201b530ce030ad9f117f9a35865d2643183dc86cdc3789189c2312d4da86d
  compiled_digest: 4cf5235e5463732839da7e4a620d74971f4215d730898836bbbd3472b922e699
20250627162641_create_users.rb:
  source_digest: 8ecda9fd5fc81d2c3bc0391bc6c2393a2cf800d147f40d37a247ea6494ebd6af
  compiled_digest: 2be69037fbf48cbfa31e1dfc3724b16d62682464f7a3575e71128409047ab7cb
20250807125054_create_creditors_table.rb:
  source_digest: 64c6edc6a3caae88aaf5d5bdbb2d15d2b93eb11d078df28c6de1d5565c7dce35
  compiled_digest: 5a6357d9580cfccd01a162dc386aea9a73f86346b806740abe61a88f48ba7626
20250807172710_add_reference_on_verification_orchestrators_to_creditors.rb:
  source_digest: e4e3c2f19a3beafab6548d1b1ff6f58b44ce4968513f8edab7ecc0792ab34106
  compiled_digest: 0be154c052a08eb7ec47e6eaefaf9ba1251f7197f3c05d0746809ba64a87eee6
20250807131941_create_verification_managers.rb:
  source_digest: 8ee3ee86a9ba252fcb6f7847702d87a7fe0fc805bcf769d840f6493b831d6ce3
  compiled_digest: '0168d9ef9eef2b19703b6289a3dcd4647cbe9be027ee00663717b5e72184cc3d'
20250807172711_add_foreign_key_on_verification_orchestrators_to_creditors.rb:
  source_digest: af39f933394ffa8c29a61d056cddd0586282f3e7500d1039eec34acae17c76e6
  compiled_digest: 33b5cab9b7df8153e4ce8c385db275499107c6d0cff69ad0fbd9a9a43bf8ff52
20250807131949_create_verification_journeys.rb:
  source_digest: 6792d6b5d5c7a31108094179db5fb7fa35f6678c49a329aff2b4445ff628ec66
  compiled_digest: 3cfb67f13f4e5274736d11c2a290ee5a18908e8feb943fad6cca7cd73be025ea
20250807171958_validate_foreign_key_on_verification_orchestrators_to_creditors.rb:
  source_digest: a2cedebd770593cc736b3743973777fafd18fb5fb81dd2ed5144ac30e1099400
  compiled_digest: 9bd46f343be03659b29a2974c1491c07f59ed199fd03279582051573523dc483
20250807172712_validate_foreign_key_on_verification_orchestrators_to_creditors.rb:
  source_digest: a2cedebd770593cc736b3743973777fafd18fb5fb81dd2ed5144ac30e1099400
  compiled_digest: 9bd46f343be03659b29a2974c1491c07f59ed199fd03279582051573523dc483
20250807132006_create_verification_attempts.rb:
  source_digest: d74d92b77a8dcd59840364c1ae3da656a6723c2832b706b9b483e94f1bd82b71
  compiled_digest: bc2e78a4278824e1d53f6ca1018869f18f7503e3b83a8835624d7991d0810f50
20250807131956_create_verification_steps.rb:
  source_digest: 6674ea5f07853c60022c4e9bec37943462b3d2413fdf733d08a8f4176a745dc7
  compiled_digest: 1266aaf96ec8038f5f5e514fc7fa46f5a87f8d19c3f1da0784134f9be30d7740
20250807131941_create_verification_orchestrators.rb:
  source_digest: 15adc89d54d753b6c4d55b1248dc430a882403cec543923542fbb84cd6ab93cd
  compiled_digest: '08eedb6217542742eef87196daf3349a1421f5d210e7c4519ab2a052098e56dd'
20250807171405_add_foreign_key_on_creditors_to_verification_journeys.rb:
  source_digest: 91466c4009c7b7bafaa51ce419eb30577d63b485152e5879191d2cbf4fe52a05
  compiled_digest: 450e3013a5a87461cd44afadfb28b795c97b91cb1eaf804eaf59654c8056ecc5
20250807171404_add_reference_on_creditors_to_verification_journeys.rb:
  source_digest: 2598a501ac2864b0c7f5d7045c5bc444aec9d6b361e055ee7f5ccdd960dde271
  compiled_digest: b6b2e17b423faf5078293c591a66ff82f5bdff9fd7f6f5f50c2910065cc3f8ae
